
Microsoft Visual Studio Solution File, Format Version 12.00
# Visual Studio 15
VisualStudioVersion = 15.0.28307.168
MinimumVisualStudioVersion = 10.0.40219.1
Project("{FAE04EC0-301F-11D3-BF4B-00C04F79EFBC}") = "WebPage", "WebPage\WebPage.csproj", "{AF13972B-7CA5-4F06-93DA-4DFE4F1D6B3B}"
EndProject
Global
	GlobalSection(SolutionConfigurationPlatforms) = preSolution
		Debug|Any CPU = Debug|Any CPU
		Release|Any CPU = Release|Any CPU
	EndGlobalSection
	GlobalSection(ProjectConfigurationPlatforms) = postSolution
		{AF13972B-7CA5-4F06-93DA-4DFE4F1D6B3B}.Debug|Any CPU.ActiveCfg = Debug|Any CPU
		{AF13972B-7CA5-4F06-93DA-4DFE4F1D6B3B}.Debug|Any CPU.Build.0 = Debug|Any CPU
		{AF13972B-7CA5-4F06-93DA-4DFE4F1D6B3B}.Release|Any CPU.ActiveCfg = Release|Any CPU
		{AF13972B-7CA5-4F06-93DA-4DFE4F1D6B3B}.Release|Any CPU.Build.0 = Release|Any CPU
	EndGlobalSection
	GlobalSection(SolutionProperties) = preSolution
		HideSolutionNode = FALSE
	EndGlobalSection
	GlobalSection(ExtensibilityGlobals) = postSolution
		SolutionGuid = {B03AB57B-3B45-4749-8C11-DB512A9311B8}
	EndGlobalSection
EndGlobal
